# THIS IS AN AUTOGENERATED FILE. DO NOT EDIT THIS FILE DIRECTLY.
# yarn lockfile v1


backend@0.1.0:
  version "0.1.0"
  dependencies:
    "@strapi/plugin-graphql" "4.10.5"
    "@strapi/plugin-i18n" "4.10.5"
    "@strapi/plugin-users-permissions" "4.10.5"
    "@strapi/provider-email-nodemailer" "^4.10.5"
    "@strapi/strapi" "4.10.5"
    better-sqlite3 "8.3.0"
    crypto "^1.0.1"
    pg "^8.11.0"

